// !$*UTF8*$!
{
	archiveVersion = 1;
	classes = {
	};
	objectVersion = 56;
	objects = {

/* Begin PBXBuildFile section */
		FF56EDF32AFCCF0E0039666F /* PokemonApp.swift in Sources */ = {isa = PBXBuildFile; fileRef = FF56EDF22AFCCF0E0039666F /* PokemonApp.swift */; };
		FF56EDF52AFCCF0E0039666F /* PokemonListView.swift in Sources */ = {isa = PBXBuildFile; fileRef = FF56EDF42AFCCF0E0039666F /* PokemonListView.swift */; };
		FF56EDF72AFCCF100039666F /* Assets.xcassets in Resources */ = {isa = PBXBuildFile; fileRef = FF56EDF62AFCCF100039666F /* Assets.xcassets */; };
		FF56EDFA2AFCCF100039666F /* Preview Assets.xcassets in Resources */ = {isa = PBXBuildFile; fileRef = FF56EDF92AFCCF100039666F /* Preview Assets.xcassets */; };
		FF56EE042AFCCF100039666F /* PokemonTests.swift in Sources */ = {isa = PBXBuildFile; fileRef = FF56EE032AFCCF100039666F /* PokemonTests.swift */; };
		FF56EE0E2AFCCF100039666F /* PokemonUITests.swift in Sources */ = {isa = PBXBuildFile; fileRef = FF56EE0D2AFCCF100039666F /* PokemonUITests.swift */; };
		FF56EE102AFCCF100039666F /* PokemonUITestsLaunchTests.swift in Sources */ = {isa = PBXBuildFile; fileRef = FF56EE0F2AFCCF100039666F /* PokemonUITestsLaunchTests.swift */; };
		FF56EE1E2AFCCF980039666F /* PokeModel.swift in Sources */ = {isa = PBXBuildFile; fileRef = FF56EE1D2AFCCF980039666F /* PokeModel.swift */; };
		FF56EE252AFCEAFA0039666F /* NetworkManager.swift in Sources */ = {isa = PBXBuildFile; fileRef = FF56EE242AFCEAFA0039666F /* NetworkManager.swift */; };
		FF56EE292AFCEE7A0039666F /* APIEndpoints.swift in Sources */ = {isa = PBXBuildFile; fileRef = FF56EE282AFCEE7A0039666F /* APIEndpoints.swift */; };
		FF56EE2B2AFCF5590039666F /* PokemonListViewModel.swift in Sources */ = {isa = PBXBuildFile; fileRef = FF56EE2A2AFCF5590039666F /* PokemonListViewModel.swift */; };
/* End PBXBuildFile section */

/* Begin PBXContainerItemProxy section */
		FF56EE002AFCCF100039666F /* PBXContainerItemProxy */ = {
			isa = PBXContainerItemProxy;
			containerPortal = FF56EDE72AFCCF0E0039666F /* Project object */;
			proxyType = 1;
			remoteGlobalIDString = FF56EDEE2AFCCF0E0039666F;
			remoteInfo = Pokemon;
		};
		FF56EE0A2AFCCF100039666F /* PBXContainerItemProxy */ = {
			isa = PBXContainerItemProxy;
			containerPortal = FF56EDE72AFCCF0E0039666F /* Project object */;
			proxyType = 1;
			remoteGlobalIDString = FF56EDEE2AFCCF0E0039666F;
			remoteInfo = Pokemon;
		};
/* End PBXContainerItemProxy section */

/* Begin PBXFileReference section */
		FF56EDEF2AFCCF0E0039666F /* Pokemon.app */ = {isa = PBXFileReference; explicitFileType = wrapper.application; includeInIndex = 0; path = Pokemon.app; sourceTree = BUILT_PRODUCTS_DIR; };
		FF56EDF22AFCCF0E0039666F /* PokemonApp.swift */ = {isa = PBXFileReference; lastKnownFileType = sourcecode.swift; path = PokemonApp.swift; sourceTree = "<group>"; };
		FF56EDF42AFCCF0E0039666F /* PokemonListView.swift */ = {isa = PBXFileReference; lastKnownFileType = sourcecode.swift; path = PokemonListView.swift; sourceTree = "<group>"; };
		FF56EDF62AFCCF100039666F /* Assets.xcassets */ = {isa = PBXFileReference; lastKnownFileType = folder.assetcatalog; path = Assets.xcassets; sourceTree = "<group>"; };
		FF56EDF92AFCCF100039666F /* Preview Assets.xcassets */ = {isa = PBXFileReference; lastKnownFileType = folder.assetcatalog; path = "Preview Assets.xcassets"; sourceTree = "<group>"; };
		FF56EDFF2AFCCF100039666F /* PokemonTests.xctest */ = {isa = PBXFileReference; explicitFileType = wrapper.cfbundle; includeInIndex = 0; path = PokemonTests.xctest; sourceTree = BUILT_PRODUCTS_DIR; };
		FF56EE032AFCCF100039666F /* PokemonTests.swift */ = {isa = PBXFileReference; lastKnownFileType = sourcecode.swift; path = PokemonTests.swift; sourceTree = "<group>"; };
		FF56EE092AFCCF100039666F /* PokemonUITests.xctest */ = {isa = PBXFileReference; explicitFileType = wrapper.cfbundle; includeInIndex = 0; path = PokemonUITests.xctest; sourceTree = BUILT_PRODUCTS_DIR; };
		FF56EE0D2AFCCF100039666F /* PokemonUITests.swift */ = {isa = PBXFileReference; lastKnownFileType = sourcecode.swift; path = PokemonUITests.swift; sourceTree = "<group>"; };
		FF56EE0F2AFCCF100039666F /* PokemonUITestsLaunchTests.swift */ = {isa = PBXFileReference; lastKnownFileType = sourcecode.swift; path = PokemonUITestsLaunchTests.swift; sourceTree = "<group>"; };
		FF56EE1D2AFCCF980039666F /* PokeModel.swift */ = {isa = PBXFileReference; lastKnownFileType = sourcecode.swift; path = PokeModel.swift; sourceTree = "<group>"; };
		FF56EE242AFCEAFA0039666F /* NetworkManager.swift */ = {isa = PBXFileReference; lastKnownFileType = sourcecode.swift; path = NetworkManager.swift; sourceTree = "<group>"; };
		FF56EE282AFCEE7A0039666F /* APIEndpoints.swift */ = {isa = PBXFileReference; lastKnownFileType = sourcecode.swift; path = APIEndpoints.swift; sourceTree = "<group>"; };
		FF56EE2A2AFCF5590039666F /* PokemonListViewModel.swift */ = {isa = PBXFileReference; lastKnownFileType = sourcecode.swift; path = PokemonListViewModel.swift; sourceTree = "<group>"; };
/* End PBXFileReference section */

/* Begin PBXFrameworksBuildPhase section */
		FF56EDEC2AFCCF0E0039666F /* Frameworks */ = {
			isa = PBXFrameworksBuildPhase;
			buildActionMask = 2147483647;
			files = (
			);
			runOnlyForDeploymentPostprocessing = 0;
		};
		FF56EDFC2AFCCF100039666F /* Frameworks */ = {
			isa = PBXFrameworksBuildPhase;
			buildActionMask = 2147483647;
			files = (
			);
			runOnlyForDeploymentPostprocessing = 0;
		};
		FF56EE062AFCCF100039666F /* Frameworks */ = {
			isa = PBXFrameworksBuildPhase;
			buildActionMask = 2147483647;
			files = (
			);
			runOnlyForDeploymentPostprocessing = 0;
		};
/* End PBXFrameworksBuildPhase section */

/* Begin PBXGroup section */
		FF56EDE62AFCCF0E0039666F = {
			isa = PBXGroup;
			children = (
				FF56EDF12AFCCF0E0039666F /* Pokemon */,
				FF56EE022AFCCF100039666F /* PokemonTests */,
				FF56EE0C2AFCCF100039666F /* PokemonUITests */,
				FF56EDF02AFCCF0E0039666F /* Products */,
			);
			sourceTree = "<group>";
		};
		FF56EDF02AFCCF0E0039666F /* Products */ = {
			isa = PBXGroup;
			children = (
				FF56EDEF2AFCCF0E0039666F /* Pokemon.app */,
				FF56EDFF2AFCCF100039666F /* PokemonTests.xctest */,
				FF56EE092AFCCF100039666F /* PokemonUITests.xctest */,
			);
			name = Products;
			sourceTree = "<group>";
		};
		FF56EDF12AFCCF0E0039666F /* Pokemon */ = {
			isa = PBXGroup;
			children = (
				FF56EE1C2AFCCF220039666F /* Model */,
				FF56EE212AFCEA3A0039666F /* View */,
				FF56EE222AFCEA440039666F /* ViewModel */,
				FF56EDF22AFCCF0E0039666F /* PokemonApp.swift */,
				FF56EDF42AFCCF0E0039666F /* PokemonListView.swift */,
				FF56EE232AFCEA6F0039666F /* NetworkManager */,
				FF56EDF62AFCCF100039666F /* Assets.xcassets */,
				FF56EDF82AFCCF100039666F /* Preview Content */,
			);
			path = Pokemon;
			sourceTree = "<group>";
		};
		FF56EDF82AFCCF100039666F /* Preview Content */ = {
			isa = PBXGroup;
			children = (
				FF56EDF92AFCCF100039666F /* Preview Assets.xcassets */,
			);
			path = "Preview Content";
			sourceTree = "<group>";
		};
		FF56EE022AFCCF100039666F /* PokemonTests */ = {
			isa = PBXGroup;
			children = (
				FF56EE032AFCCF100039666F /* PokemonTests.swift */,
			);
			path = PokemonTests;
			sourceTree = "<group>";
		};
		FF56EE0C2AFCCF100039666F /* PokemonUITests */ = {
			isa = PBXGroup;
			children = (
				FF56EE0D2AFCCF100039666F /* PokemonUITests.swift */,
				FF56EE0F2AFCCF100039666F /* PokemonUITestsLaunchTests.swift */,
			);
			path = PokemonUITests;
			sourceTree = "<group>";
		};
		FF56EE1C2AFCCF220039666F /* Model */ = {
			isa = PBXGroup;
			children = (
				FF56EE1D2AFCCF980039666F /* PokeModel.swift */,
			);
			path = Model;
			sourceTree = "<group>";
		};
		FF56EE212AFCEA3A0039666F /* View */ = {
			isa = PBXGroup;
			children = (
			);
			path = View;
			sourceTree = "<group>";
		};
		FF56EE222AFCEA440039666F /* ViewModel */ = {
			isa = PBXGroup;
			children = (
				FF56EE2A2AFCF5590039666F /* PokemonListViewModel.swift */,
			);
			path = ViewModel;
			sourceTree = "<group>";
		};
		FF56EE232AFCEA6F0039666F /* NetworkManager */ = {
			isa = PBXGroup;
			children = (
				FF56EE242AFCEAFA0039666F /* NetworkManager.swift */,
				FF56EE282AFCEE7A0039666F /* APIEndpoints.swift */,
			);
			path = NetworkManager;
			sourceTree = "<group>";
		};
/* End PBXGroup section */

/* Begin PBXNativeTarget section */
		FF56EDEE2AFCCF0E0039666F /* Pokemon */ = {
			isa = PBXNativeTarget;
			buildConfigurationList = FF56EE132AFCCF100039666F /* Build configuration list for PBXNativeTarget "Pokemon" */;
			buildPhases = (
				FF56EDEB2AFCCF0E0039666F /* Sources */,
				FF56EDEC2AFCCF0E0039666F /* Frameworks */,
				FF56EDED2AFCCF0E0039666F /* Resources */,
			);
			buildRules = (
			);
			dependencies = (
			);
			name = Pokemon;
			productName = Pokemon;
			productReference = FF56EDEF2AFCCF0E0039666F /* Pokemon.app */;
			productType = "com.apple.product-type.application";
		};
		FF56EDFE2AFCCF100039666F /* PokemonTests */ = {
			isa = PBXNativeTarget;
			buildConfigurationList = FF56EE162AFCCF100039666F /* Build configuration list for PBXNativeTarget "PokemonTests" */;
			buildPhases = (
				FF56EDFB2AFCCF100039666F /* Sources */,
				FF56EDFC2AFCCF100039666F /* Frameworks */,
				FF56EDFD2AFCCF100039666F /* Resources */,
			);
			buildRules = (
			);
			dependencies = (
				FF56EE012AFCCF100039666F /* PBXTargetDependency */,
			);
			name = PokemonTests;
			productName = PokemonTests;
			productReference = FF56EDFF2AFCCF100039666F /* PokemonTests.xctest */;
			productType = "com.apple.product-type.bundle.unit-test";
		};
		FF56EE082AFCCF100039666F /* PokemonUITests */ = {
			isa = PBXNativeTarget;
			buildConfigurationList = FF56EE192AFCCF100039666F /* Build configuration list for PBXNativeTarget "PokemonUITests" */;
			buildPhases = (
				FF56EE052AFCCF100039666F /* Sources */,
				FF56EE062AFCCF100039666F /* Frameworks */,
				FF56EE072AFCCF100039666F /* Resources */,
			);
			buildRules = (
			);
			dependencies = (
				FF56EE0B2AFCCF100039666F /* PBXTargetDependency */,
			);
			name = PokemonUITests;
			productName = PokemonUITests;
			productReference = FF56EE092AFCCF100039666F /* PokemonUITests.xctest */;
			productType = "com.apple.product-type.bundle.ui-testing";
		};
/* End PBXNativeTarget section */

/* Begin PBXProject section */
		FF56EDE72AFCCF0E0039666F /* Project object */ = {
			isa = PBXProject;
			attributes = {
				BuildIndependentTargetsInParallel = 1;
				LastSwiftUpdateCheck = 1500;
				LastUpgradeCheck = 1500;
				TargetAttributes = {
					FF56EDEE2AFCCF0E0039666F = {
						CreatedOnToolsVersion = 15.0;
					};
					FF56EDFE2AFCCF100039666F = {
						CreatedOnToolsVersion = 15.0;
						TestTargetID = FF56EDEE2AFCCF0E0039666F;
					};
					FF56EE082AFCCF100039666F = {
						CreatedOnToolsVersion = 15.0;
						TestTargetID = FF56EDEE2AFCCF0E0039666F;
					};
				};
			};
			buildConfigurationList = FF56EDEA2AFCCF0E0039666F /* Build configuration list for PBXProject "Pokemon" */;
			compatibilityVersion = "Xcode 14.0";
			developmentRegion = en;
			hasScannedForEncodings = 0;
			knownRegions = (
				en,
				Base,
			);
			mainGroup = FF56EDE62AFCCF0E0039666F;
			productRefGroup = FF56EDF02AFCCF0E0039666F /* Products */;
			projectDirPath = "";
			projectRoot = "";
			targets = (
				FF56EDEE2AFCCF0E0039666F /* Pokemon */,
				FF56EDFE2AFCCF100039666F /* PokemonTests */,
				FF56EE082AFCCF100039666F /* PokemonUITests */,
			);
		};
/* End PBXProject section */

/* Begin PBXResourcesBuildPhase section */
		FF56EDED2AFCCF0E0039666F /* Resources */ = {
			isa = PBXResourcesBuildPhase;
			buildActionMask = 2147483647;
			files = (
				FF56EDFA2AFCCF100039666F /* Preview Assets.xcassets in Resources */,
				FF56EDF72AFCCF100039666F /* Assets.xcassets in Resources */,
			);
			runOnlyForDeploymentPostprocessing = 0;
		};
		FF56EDFD2AFCCF100039666F /* Resources */ = {
			isa = PBXResourcesBuildPhase;
			buildActionMask = 2147483647;
			files = (
			);
			runOnlyForDeploymentPostprocessing = 0;
		};
		FF56EE072AFCCF100039666F /* Resources */ = {
			isa = PBXResourcesBuildPhase;
			buildActionMask = 2147483647;
			files = (
			);
			runOnlyForDeploymentPostprocessing = 0;
		};
/* End PBXResourcesBuildPhase section */

/* Begin PBXSourcesBuildPhase section */
		FF56EDEB2AFCCF0E0039666F /* Sources */ = {
			isa = PBXSourcesBuildPhase;
			buildActionMask = 2147483647;
			files = (
				FF56EE292AFCEE7A0039666F /* APIEndpoints.swift in Sources */,
				FF56EE252AFCEAFA0039666F /* NetworkManager.swift in Sources */,
				FF56EE1E2AFCCF980039666F /* PokeModel.swift in Sources */,
				FF56EDF52AFCCF0E0039666F /* PokemonListView.swift in Sources */,
				FF56EE2B2AFCF5590039666F /* PokemonListViewModel.swift in Sources */,
				FF56EDF32AFCCF0E0039666F /* PokemonApp.swift in Sources */,
			);
			runOnlyForDeploymentPostprocessing = 0;
		};
		FF56EDFB2AFCCF100039666F /* Sources */ = {
			isa = PBXSourcesBuildPhase;
			buildActionMask = 2147483647;
			files = (
				FF56EE042AFCCF100039666F /* PokemonTests.swift in Sources */,
			);
			runOnlyForDeploymentPostprocessing = 0;
		};
		FF56EE052AFCCF100039666F /* Sources */ = {
			isa = PBXSourcesBuildPhase;
			buildActionMask = 2147483647;
			files = (
				FF56EE102AFCCF100039666F /* PokemonUITestsLaunchTests.swift in Sources */,
				FF56EE0E2AFCCF100039666F /* PokemonUITests.swift in Sources */,
			);
			runOnlyForDeploymentPostprocessing = 0;
		};
/* End PBXSourcesBuildPhase section */

/* Begin PBXTargetDependency section */
		FF56EE012AFCCF100039666F /* PBXTargetDependency */ = {
			isa = PBXTargetDependency;
			target = FF56EDEE2AFCCF0E0039666F /* Pokemon */;
			targetProxy = FF56EE002AFCCF100039666F /* PBXContainerItemProxy */;
		};
		FF56EE0B2AFCCF100039666F /* PBXTargetDependency */ = {
			isa = PBXTargetDependency;
			target = FF56EDEE2AFCCF0E0039666F /* Pokemon */;
			targetProxy = FF56EE0A2AFCCF100039666F /* PBXContainerItemProxy */;
		};
/* End PBXTargetDependency section */

/* Begin XCBuildConfiguration section */
		FF56EE112AFCCF100039666F /* Debug */ = {
			isa = XCBuildConfiguration;
			buildSettings = {
				ALWAYS_SEARCH_USER_PATHS = NO;
				ASSETCATALOG_COMPILER_GENERATE_SWIFT_ASSET_SYMBOL_EXTENSIONS = YES;
				CLANG_ANALYZER_NONNULL = YES;
				CLANG_ANALYZER_NUMBER_OBJECT_CONVERSION = YES_AGGRESSIVE;
				CLANG_CXX_LANGUAGE_STANDARD = "gnu++20";
				CLANG_ENABLE_MODULES = YES;
				CLANG_ENABLE_OBJC_ARC = YES;
				CLANG_ENABLE_OBJC_WEAK = YES;
				CLANG_WARN_BLOCK_CAPTURE_AUTORELEASING = YES;
				CLANG_WARN_BOOL_CONVERSION = YES;
				CLANG_WARN_COMMA = YES;
				CLANG_WARN_CONSTANT_CONVERSION = YES;
				CLANG_WARN_DEPRECATED_OBJC_IMPLEMENTATIONS = YES;
				CLANG_WARN_DIRECT_OBJC_ISA_USAGE = YES_ERROR;
				CLANG_WARN_DOCUMENTATION_COMMENTS = YES;
				CLANG_WARN_EMPTY_BODY = YES;
				CLANG_WARN_ENUM_CONVERSION = YES;
				CLANG_WARN_INFINITE_RECURSION = YES;
				CLANG_WARN_INT_CONVERSION = YES;
				CLANG_WARN_NON_LITERAL_NULL_CONVERSION = YES;
				CLANG_WARN_OBJC_IMPLICIT_RETAIN_SELF = YES;
				CLANG_WARN_OBJC_LITERAL_CONVERSION = YES;
				CLANG_WARN_OBJC_ROOT_CLASS = YES_ERROR;
				CLANG_WARN_QUOTED_INCLUDE_IN_FRAMEWORK_HEADER = YES;
				CLANG_WARN_RANGE_LOOP_ANALYSIS = YES;
				CLANG_WARN_STRICT_PROTOTYPES = YES;
				CLANG_WARN_SUSPICIOUS_MOVE = YES;
				CLANG_WARN_UNGUARDED_AVAILABILITY = YES_AGGRESSIVE;
				CLANG_WARN_UNREACHABLE_CODE = YES;
				CLANG_WARN__DUPLICATE_METHOD_MATCH = YES;
				COPY_PHASE_STRIP = NO;
				DEBUG_INFORMATION_FORMAT = dwarf;
				ENABLE_STRICT_OBJC_MSGSEND = YES;
				ENABLE_TESTABILITY = YES;
				ENABLE_USER_SCRIPT_SANDBOXING = YES;
				GCC_C_LANGUAGE_STANDARD = gnu17;
				GCC_DYNAMIC_NO_PIC = NO;
				GCC_NO_COMMON_BLOCKS = YES;
				GCC_OPTIMIZATION_LEVEL = 0;
				GCC_PREPROCESSOR_DEFINITIONS = (
					"DEBUG=1",
					"$(inherited)",
				);
				GCC_WARN_64_TO_32_BIT_CONVERSION = YES;
				GCC_WARN_ABOUT_RETURN_TYPE = YES_ERROR;
				GCC_WARN_UNDECLARED_SELECTOR = YES;
				GCC_WARN_UNINITIALIZED_AUTOS = YES_AGGRESSIVE;
				GCC_WARN_UNUSED_FUNCTION = YES;
				GCC_WARN_UNUSED_VARIABLE = YES;
				IPHONEOS_DEPLOYMENT_TARGET = 17.0;
				LOCALIZATION_PREFERS_STRING_CATALOGS = YES;
				MTL_ENABLE_DEBUG_INFO = INCLUDE_SOURCE;
				MTL_FAST_MATH = YES;
				ONLY_ACTIVE_ARCH = YES;
				SDKROOT = iphoneos;
				SWIFT_ACTIVE_COMPILATION_CONDITIONS = "DEBUG $(inherited)";
				SWIFT_OPTIMIZATION_LEVEL = "-Onone";
			};
			name = Debug;
		};
		FF56EE122AFCCF100039666F /* Release */ = {
			isa = XCBuildConfiguration;
			buildSettings = {
				ALWAYS_SEARCH_USER_PATHS = NO;
				ASSETCATALOG_COMPILER_GENERATE_SWIFT_ASSET_SYMBOL_EXTENSIONS = YES;
				CLANG_ANALYZER_NONNULL = YES;
				CLANG_ANALYZER_NUMBER_OBJECT_CONVERSION = YES_AGGRESSIVE;
				CLANG_CXX_LANGUAGE_STANDARD = "gnu++20";
				CLANG_ENABLE_MODULES = YES;
				CLANG_ENABLE_OBJC_ARC = YES;
				CLANG_ENABLE_OBJC_WEAK = YES;
				CLANG_WARN_BLOCK_CAPTURE_AUTORELEASING = YES;
				CLANG_WARN_BOOL_CONVERSION = YES;
				CLANG_WARN_COMMA = YES;
				CLANG_WARN_CONSTANT_CONVERSION = YES;
				CLANG_WARN_DEPRECATED_OBJC_IMPLEMENTATIONS = YES;
				CLANG_WARN_DIRECT_OBJC_ISA_USAGE = YES_ERROR;
				CLANG_WARN_DOCUMENTATION_COMMENTS = YES;
				CLANG_WARN_EMPTY_BODY = YES;
				CLANG_WARN_ENUM_CONVERSION = YES;
				CLANG_WARN_INFINITE_RECURSION = YES;
				CLANG_WARN_INT_CONVERSION = YES;
				CLANG_WARN_NON_LITERAL_NULL_CONVERSION = YES;
				CLANG_WARN_OBJC_IMPLICIT_RETAIN_SELF = YES;
				CLANG_WARN_OBJC_LITERAL_CONVERSION = YES;
				CLANG_WARN_OBJC_ROOT_CLASS = YES_ERROR;
				CLANG_WARN_QUOTED_INCLUDE_IN_FRAMEWORK_HEADER = YES;
				CLANG_WARN_RANGE_LOOP_ANALYSIS = YES;
				CLANG_WARN_STRICT_PROTOTYPES = YES;
				CLANG_WARN_SUSPICIOUS_MOVE = YES;
				CLANG_WARN_UNGUARDED_AVAILABILITY = YES_AGGRESSIVE;
				CLANG_WARN_UNREACHABLE_CODE = YES;
				CLANG_WARN__DUPLICATE_METHOD_MATCH = YES;
				COPY_PHASE_STRIP = NO;
				DEBUG_INFORMATION_FORMAT = "dwarf-with-dsym";
				ENABLE_NS_ASSERTIONS = NO;
				ENABLE_STRICT_OBJC_MSGSEND = YES;
				ENABLE_USER_SCRIPT_SANDBOXING = YES;
				GCC_C_LANGUAGE_STANDARD = gnu17;
				GCC_NO_COMMON_BLOCKS = YES;
				GCC_WARN_64_TO_32_BIT_CONVERSION = YES;
				GCC_WARN_ABOUT_RETURN_TYPE = YES_ERROR;
				GCC_WARN_UNDECLARED_SELECTOR = YES;
				GCC_WARN_UNINITIALIZED_AUTOS = YES_AGGRESSIVE;
				GCC_WARN_UNUSED_FUNCTION = YES;
				GCC_WARN_UNUSED_VARIABLE = YES;
				IPHONEOS_DEPLOYMENT_TARGET = 17.0;
				LOCALIZATION_PREFERS_STRING_CATALOGS = YES;
				MTL_ENABLE_DEBUG_INFO = NO;
				MTL_FAST_MATH = YES;
				SDKROOT = iphoneos;
				SWIFT_COMPILATION_MODE = wholemodule;
				VALIDATE_PRODUCT = YES;
			};
			name = Release;
		};
		FF56EE142AFCCF100039666F /* Debug */ = {
			isa = XCBuildConfiguration;
			buildSettings = {
				ASSETCATALOG_COMPILER_APPICON_NAME = AppIcon;
				ASSETCATALOG_COMPILER_GLOBAL_ACCENT_COLOR_NAME = AccentColor;
				CODE_SIGN_STYLE = Automatic;
				CURRENT_PROJECT_VERSION = 1;
				DEVELOPMENT_ASSET_PATHS = "\"Pokemon/Preview Content\"";
				ENABLE_PREVIEWS = YES;
				GENERATE_INFOPLIST_FILE = YES;
				INFOPLIST_KEY_UIApplicationSceneManifest_Generation = YES;
				INFOPLIST_KEY_UIApplicationSupportsIndirectInputEvents = YES;
				INFOPLIST_KEY_UILaunchScreen_Generation = YES;
				INFOPLIST_KEY_UISupportedInterfaceOrientations_iPad = "UIInterfaceOrientationPortrait UIInterfaceOrientationPortraitUpsideDown UIInterfaceOrientationLandscapeLeft UIInterfaceOrientationLandscapeRight";
				INFOPLIST_KEY_UISupportedInterfaceOrientations_iPhone = "UIInterfaceOrientationPortrait UIInterfaceOrientationLandscapeLeft UIInterfaceOrientationLandscapeRight";
				LD_RUNPATH_SEARCH_PATHS = (
					"$(inherited)",
					"@executable_path/Frameworks",
				);
				MARKETING_VERSION = 1.0;
				PRODUCT_BUNDLE_IDENTIFIER = com.pokemon.app.Pokemon;
				PRODUCT_NAME = "$(TARGET_NAME)";
				SWIFT_EMIT_LOC_STRINGS = YES;
				SWIFT_VERSION = 5.0;
				TARGETED_DEVICE_FAMILY = "1,2";
			};
			name = Debug;
		};
		FF56EE152AFCCF100039666F /* Release */ = {
			isa = XCBuildConfiguration;
			buildSettings = {
				ASSETCATALOG_COMPILER_APPICON_NAME = AppIcon;
				ASSETCATALOG_COMPILER_GLOBAL_ACCENT_COLOR_NAME = AccentColor;
				CODE_SIGN_STYLE = Automatic;
				CURRENT_PROJECT_VERSION = 1;
				DEVELOPMENT_ASSET_PATHS = "\"Pokemon/Preview Content\"";
				ENABLE_PREVIEWS = YES;
				GENERATE_INFOPLIST_FILE = YES;
				INFOPLIST_KEY_UIApplicationSceneManifest_Generation = YES;
				INFOPLIST_KEY_UIApplicationSupportsIndirectInputEvents = YES;
				INFOPLIST_KEY_UILaunchScreen_Generation = YES;
				INFOPLIST_KEY_UISupportedInterfaceOrientations_iPad = "UIInterfaceOrientationPortrait UIInterfaceOrientationPortraitUpsideDown UIInterfaceOrientationLandscapeLeft UIInterfaceOrientationLandscapeRight";
				INFOPLIST_KEY_UISupportedInterfaceOrientations_iPhone = "UIInterfaceOrientationPortrait UIInterfaceOrientationLandscapeLeft UIInterfaceOrientationLandscapeRight";
				LD_RUNPATH_SEARCH_PATHS = (
					"$(inherited)",
					"@executable_path/Frameworks",
				);
				MARKETING_VERSION = 1.0;
				PRODUCT_BUNDLE_IDENTIFIER = com.pokemon.app.Pokemon;
				PRODUCT_NAME = "$(TARGET_NAME)";
				SWIFT_EMIT_LOC_STRINGS = YES;
				SWIFT_VERSION = 5.0;
				TARGETED_DEVICE_FAMILY = "1,2";
			};
			name = Release;
		};
		FF56EE172AFCCF100039666F /* Debug */ = {
			isa = XCBuildConfiguration;
			buildSettings = {
				ALWAYS_EMBED_SWIFT_STANDARD_LIBRARIES = YES;
				BUNDLE_LOADER = "$(TEST_HOST)";
				CODE_SIGN_STYLE = Automatic;
				CURRENT_PROJECT_VERSION = 1;
				GENERATE_INFOPLIST_FILE = YES;
				IPHONEOS_DEPLOYMENT_TARGET = 17.0;
				MARKETING_VERSION = 1.0;
				PRODUCT_BUNDLE_IDENTIFIER = com.pokemon.app.PokemonTests;
				PRODUCT_NAME = "$(TARGET_NAME)";
				SWIFT_EMIT_LOC_STRINGS = NO;
				SWIFT_VERSION = 5.0;
				TARGETED_DEVICE_FAMILY = "1,2";
				TEST_HOST = "$(BUILT_PRODUCTS_DIR)/Pokemon.app/$(BUNDLE_EXECUTABLE_FOLDER_PATH)/Pokemon";
			};
			name = Debug;
		};
		FF56EE182AFCCF100039666F /* Release */ = {
			isa = XCBuildConfiguration;
			buildSettings = {
				ALWAYS_EMBED_SWIFT_STANDARD_LIBRARIES = YES;
				BUNDLE_LOADER = "$(TEST_HOST)";
				CODE_SIGN_STYLE = Automatic;
				CURRENT_PROJECT_VERSION = 1;
				GENERATE_INFOPLIST_FILE = YES;
				IPHONEOS_DEPLOYMENT_TARGET = 17.0;
				MARKETING_VERSION = 1.0;
				PRODUCT_BUNDLE_IDENTIFIER = com.pokemon.app.PokemonTests;
				PRODUCT_NAME = "$(TARGET_NAME)";
				SWIFT_EMIT_LOC_STRINGS = NO;
				SWIFT_VERSION = 5.0;
				TARGETED_DEVICE_FAMILY = "1,2";
				TEST_HOST = "$(BUILT_PRODUCTS_DIR)/Pokemon.app/$(BUNDLE_EXECUTABLE_FOLDER_PATH)/Pokemon";
			};
			name = Release;
		};
		FF56EE1A2AFCCF100039666F /* Debug */ = {
			isa = XCBuildConfiguration;
			buildSettings = {
				ALWAYS_EMBED_SWIFT_STANDARD_LIBRARIES = YES;
				CODE_SIGN_STYLE = Automatic;
				CURRENT_PROJECT_VERSION = 1;
				GENERATE_INFOPLIST_FILE = YES;
				MARKETING_VERSION = 1.0;
				PRODUCT_BUNDLE_IDENTIFIER = com.pokemon.app.PokemonUITests;
				PRODUCT_NAME = "$(TARGET_NAME)";
				SWIFT_EMIT_LOC_STRINGS = NO;
				SWIFT_VERSION = 5.0;
				TARGETED_DEVICE_FAMILY = "1,2";
				TEST_TARGET_NAME = Pokemon;
			};
			name = Debug;
		};
		FF56EE1B2AFCCF100039666F /* Release */ = {
			isa = XCBuildConfiguration;
			buildSettings = {
				ALWAYS_EMBED_SWIFT_STANDARD_LIBRARIES = YES;
				CODE_SIGN_STYLE = Automatic;
				CURRENT_PROJECT_VERSION = 1;
				GENERATE_INFOPLIST_FILE = YES;
				MARKETING_VERSION = 1.0;
				PRODUCT_BUNDLE_IDENTIFIER = com.pokemon.app.PokemonUITests;
				PRODUCT_NAME = "$(TARGET_NAME)";
				SWIFT_EMIT_LOC_STRINGS = NO;
				SWIFT_VERSION = 5.0;
				TARGETED_DEVICE_FAMILY = "1,2";
				TEST_TARGET_NAME = Pokemon;
			};
			name = Release;
		};
/* End XCBuildConfiguration section */

/* Begin XCConfigurationList section */
		FF56EDEA2AFCCF0E0039666F /* Build configuration list for PBXProject "Pokemon" */ = {
			isa = XCConfigurationList;
			buildConfigurations = (
				FF56EE112AFCCF100039666F /* Debug */,
				FF56EE122AFCCF100039666F /* Release */,
			);
			defaultConfigurationIsVisible = 0;
			defaultConfigurationName = Release;
		};
		FF56EE132AFCCF100039666F /* Build configuration list for PBXNativeTarget "Pokemon" */ = {
			isa = XCConfigurationList;
			buildConfigurations = (
				FF56EE142AFCCF100039666F /* Debug */,
				FF56EE152AFCCF100039666F /* Release */,
			);
			defaultConfigurationIsVisible = 0;
			defaultConfigurationName = Release;
		};
		FF56EE162AFCCF100039666F /* Build configuration list for PBXNativeTarget "PokemonTests" */ = {
			isa = XCConfigurationList;
			buildConfigurations = (
				FF56EE172AFCCF100039666F /* Debug */,
				FF56EE182AFCCF100039666F /* Release */,
			);
			defaultConfigurationIsVisible = 0;
			defaultConfigurationName = Release;
		};
		FF56EE192AFCCF100039666F /* Build configuration list for PBXNativeTarget "PokemonUITests" */ = {
			isa = XCConfigurationList;
			buildConfigurations = (
				FF56EE1A2AFCCF100039666F /* Debug */,
				FF56EE1B2AFCCF100039666F /* Release */,
			);
			defaultConfigurationIsVisible = 0;
			defaultConfigurationName = Release;
		};
/* End XCConfigurationList section */
	};
	rootObject = FF56EDE72AFCCF0E0039666F /* Project object */;
}
