// !$*UTF8*$!
{
	archiveVersion = 1;
	classes = {
	};
	objectVersion = 56;
	objects = {

/* Begin PBXBuildFile section */
		FF5366F52AEBBE2E003BBA04 /* TinyRPG2App.swift in Sources */ = {isa = PBXBuildFile; fileRef = FF5366F42AEBBE2E003BBA04 /* TinyRPG2App.swift */; };
		FF5366F72AEBBE2E003BBA04 /* ContentView.swift in Sources */ = {isa = PBXBuildFile; fileRef = FF5366F62AEBBE2E003BBA04 /* ContentView.swift */; };
		FF5366F92AEBBE31003BBA04 /* Assets.xcassets in Resources */ = {isa = PBXBuildFile; fileRef = FF5366F82AEBBE31003BBA04 /* Assets.xcassets */; };
		FF5366FC2AEBBE31003BBA04 /* Preview Assets.xcassets in Resources */ = {isa = PBXBuildFile; fileRef = FF5366FB2AEBBE31003BBA04 /* Preview Assets.xcassets */; };
		FF5367062AEBBE31003BBA04 /* TinyRPG2Tests.swift in Sources */ = {isa = PBXBuildFile; fileRef = FF5367052AEBBE31003BBA04 /* TinyRPG2Tests.swift */; };
		FF5367102AEBBE31003BBA04 /* TinyRPG2UITests.swift in Sources */ = {isa = PBXBuildFile; fileRef = FF53670F2AEBBE31003BBA04 /* TinyRPG2UITests.swift */; };
		FF5367122AEBBE31003BBA04 /* TinyRPG2UITestsLaunchTests.swift in Sources */ = {isa = PBXBuildFile; fileRef = FF5367112AEBBE31003BBA04 /* TinyRPG2UITestsLaunchTests.swift */; };
		FF53671F2AEBBEE5003BBA04 /* TinyErrors.swift in Sources */ = {isa = PBXBuildFile; fileRef = FF53671E2AEBBEE5003BBA04 /* TinyErrors.swift */; };
		FF5367262AEBC40F003BBA04 /* Info.plist in Resources */ = {isa = PBXBuildFile; fileRef = FF5367252AEBC40E003BBA04 /* Info.plist */; };
		FF53672C2AEBC5AD003BBA04 /* TinyCharacterClasses.swift in Sources */ = {isa = PBXBuildFile; fileRef = FF53672B2AEBC5AD003BBA04 /* TinyCharacterClasses.swift */; };
		FF53672E2AEBC7C5003BBA04 /* TinyRPGEngine.swift in Sources */ = {isa = PBXBuildFile; fileRef = FF53672D2AEBC7C5003BBA04 /* TinyRPGEngine.swift */; };
/* End PBXBuildFile section */

/* Begin PBXContainerItemProxy section */
		FF5367022AEBBE31003BBA04 /* PBXContainerItemProxy */ = {
			isa = PBXContainerItemProxy;
			containerPortal = FF5366E92AEBBE2E003BBA04 /* Project object */;
			proxyType = 1;
			remoteGlobalIDString = FF5366F02AEBBE2E003BBA04;
			remoteInfo = TinyRPG2;
		};
		FF53670C2AEBBE31003BBA04 /* PBXContainerItemProxy */ = {
			isa = PBXContainerItemProxy;
			containerPortal = FF5366E92AEBBE2E003BBA04 /* Project object */;
			proxyType = 1;
			remoteGlobalIDString = FF5366F02AEBBE2E003BBA04;
			remoteInfo = TinyRPG2;
		};
/* End PBXContainerItemProxy section */

/* Begin PBXFileReference section */
		FF5366F12AEBBE2E003BBA04 /* TinyRPG2.app */ = {isa = PBXFileReference; explicitFileType = wrapper.application; includeInIndex = 0; path = TinyRPG2.app; sourceTree = BUILT_PRODUCTS_DIR; };
		FF5366F42AEBBE2E003BBA04 /* TinyRPG2App.swift */ = {isa = PBXFileReference; lastKnownFileType = sourcecode.swift; path = TinyRPG2App.swift; sourceTree = "<group>"; };
		FF5366F62AEBBE2E003BBA04 /* ContentView.swift */ = {isa = PBXFileReference; lastKnownFileType = sourcecode.swift; path = ContentView.swift; sourceTree = "<group>"; };
		FF5366F82AEBBE31003BBA04 /* Assets.xcassets */ = {isa = PBXFileReference; lastKnownFileType = folder.assetcatalog; path = Assets.xcassets; sourceTree = "<group>"; };
		FF5366FB2AEBBE31003BBA04 /* Preview Assets.xcassets */ = {isa = PBXFileReference; lastKnownFileType = folder.assetcatalog; path = "Preview Assets.xcassets"; sourceTree = "<group>"; };
		FF5367012AEBBE31003BBA04 /* TinyRPG2Tests.xctest */ = {isa = PBXFileReference; explicitFileType = wrapper.cfbundle; includeInIndex = 0; path = TinyRPG2Tests.xctest; sourceTree = BUILT_PRODUCTS_DIR; };
		FF5367052AEBBE31003BBA04 /* TinyRPG2Tests.swift */ = {isa = PBXFileReference; lastKnownFileType = sourcecode.swift; path = TinyRPG2Tests.swift; sourceTree = "<group>"; };
		FF53670B2AEBBE31003BBA04 /* TinyRPG2UITests.xctest */ = {isa = PBXFileReference; explicitFileType = wrapper.cfbundle; includeInIndex = 0; path = TinyRPG2UITests.xctest; sourceTree = BUILT_PRODUCTS_DIR; };
		FF53670F2AEBBE31003BBA04 /* TinyRPG2UITests.swift */ = {isa = PBXFileReference; lastKnownFileType = sourcecode.swift; path = TinyRPG2UITests.swift; sourceTree = "<group>"; };
		FF5367112AEBBE31003BBA04 /* TinyRPG2UITestsLaunchTests.swift */ = {isa = PBXFileReference; lastKnownFileType = sourcecode.swift; path = TinyRPG2UITestsLaunchTests.swift; sourceTree = "<group>"; };
		FF53671E2AEBBEE5003BBA04 /* TinyErrors.swift */ = {isa = PBXFileReference; lastKnownFileType = sourcecode.swift; path = TinyErrors.swift; sourceTree = "<group>"; };
		FF5367252AEBC40E003BBA04 /* Info.plist */ = {isa = PBXFileReference; fileEncoding = 4; lastKnownFileType = text.plist.xml; path = Info.plist; sourceTree = "<group>"; };
		FF53672B2AEBC5AD003BBA04 /* TinyCharacterClasses.swift */ = {isa = PBXFileReference; lastKnownFileType = sourcecode.swift; path = TinyCharacterClasses.swift; sourceTree = "<group>"; };
		FF53672D2AEBC7C5003BBA04 /* TinyRPGEngine.swift */ = {isa = PBXFileReference; lastKnownFileType = sourcecode.swift; path = TinyRPGEngine.swift; sourceTree = "<group>"; };
/* End PBXFileReference section */

/* Begin PBXFrameworksBuildPhase section */
		FF5366EE2AEBBE2E003BBA04 /* Frameworks */ = {
			isa = PBXFrameworksBuildPhase;
			buildActionMask = 2147483647;
			files = (
			);
			runOnlyForDeploymentPostprocessing = 0;
		};
		FF5366FE2AEBBE31003BBA04 /* Frameworks */ = {
			isa = PBXFrameworksBuildPhase;
			buildActionMask = 2147483647;
			files = (
			);
			runOnlyForDeploymentPostprocessing = 0;
		};
		FF5367082AEBBE31003BBA04 /* Frameworks */ = {
			isa = PBXFrameworksBuildPhase;
			buildActionMask = 2147483647;
			files = (
			);
			runOnlyForDeploymentPostprocessing = 0;
		};
/* End PBXFrameworksBuildPhase section */

/* Begin PBXGroup section */
		FF5366E82AEBBE2E003BBA04 = {
			isa = PBXGroup;
			children = (
				FF5366F32AEBBE2E003BBA04 /* TinyRPG2 */,
				FF5367042AEBBE31003BBA04 /* TinyRPG2Tests */,
				FF53670E2AEBBE31003BBA04 /* TinyRPG2UITests */,
				FF5366F22AEBBE2E003BBA04 /* Products */,
			);
			sourceTree = "<group>";
		};
		FF5366F22AEBBE2E003BBA04 /* Products */ = {
			isa = PBXGroup;
			children = (
				FF5366F12AEBBE2E003BBA04 /* TinyRPG2.app */,
				FF5367012AEBBE31003BBA04 /* TinyRPG2Tests.xctest */,
				FF53670B2AEBBE31003BBA04 /* TinyRPG2UITests.xctest */,
			);
			name = Products;
			sourceTree = "<group>";
		};
		FF5366F32AEBBE2E003BBA04 /* TinyRPG2 */ = {
			isa = PBXGroup;
			children = (
				FF5366F42AEBBE2E003BBA04 /* TinyRPG2App.swift */,
				FF5366F62AEBBE2E003BBA04 /* ContentView.swift */,
				FF5366F82AEBBE31003BBA04 /* Assets.xcassets */,
				FF5366FA2AEBBE31003BBA04 /* Preview Content */,
				FF53671E2AEBBEE5003BBA04 /* TinyErrors.swift */,
				FF53672B2AEBC5AD003BBA04 /* TinyCharacterClasses.swift */,
				FF53672D2AEBC7C5003BBA04 /* TinyRPGEngine.swift */,
				FF5367252AEBC40E003BBA04 /* Info.plist */,
			);
			path = TinyRPG2;
			sourceTree = "<group>";
		};
		FF5366FA2AEBBE31003BBA04 /* Preview Content */ = {
			isa = PBXGroup;
			children = (
				FF5366FB2AEBBE31003BBA04 /* Preview Assets.xcassets */,
			);
			path = "Preview Content";
			sourceTree = "<group>";
		};
		FF5367042AEBBE31003BBA04 /* TinyRPG2Tests */ = {
			isa = PBXGroup;
			children = (
				FF5367052AEBBE31003BBA04 /* TinyRPG2Tests.swift */,
			);
			path = TinyRPG2Tests;
			sourceTree = "<group>";
		};
		FF53670E2AEBBE31003BBA04 /* TinyRPG2UITests */ = {
			isa = PBXGroup;
			children = (
				FF53670F2AEBBE31003BBA04 /* TinyRPG2UITests.swift */,
				FF5367112AEBBE31003BBA04 /* TinyRPG2UITestsLaunchTests.swift */,
			);
			path = TinyRPG2UITests;
			sourceTree = "<group>";
		};
/* End PBXGroup section */

/* Begin PBXNativeTarget section */
		FF5366F02AEBBE2E003BBA04 /* TinyRPG2 */ = {
			isa = PBXNativeTarget;
			buildConfigurationList = FF5367152AEBBE31003BBA04 /* Build configuration list for PBXNativeTarget "TinyRPG2" */;
			buildPhases = (
				FF5366ED2AEBBE2E003BBA04 /* Sources */,
				FF5366EE2AEBBE2E003BBA04 /* Frameworks */,
				FF5366EF2AEBBE2E003BBA04 /* Resources */,
			);
			buildRules = (
			);
			dependencies = (
			);
			name = TinyRPG2;
			productName = TinyRPG2;
			productReference = FF5366F12AEBBE2E003BBA04 /* TinyRPG2.app */;
			productType = "com.apple.product-type.application";
		};
		FF5367002AEBBE31003BBA04 /* TinyRPG2Tests */ = {
			isa = PBXNativeTarget;
			buildConfigurationList = FF5367182AEBBE31003BBA04 /* Build configuration list for PBXNativeTarget "TinyRPG2Tests" */;
			buildPhases = (
				FF5366FD2AEBBE31003BBA04 /* Sources */,
				FF5366FE2AEBBE31003BBA04 /* Frameworks */,
				FF5366FF2AEBBE31003BBA04 /* Resources */,
			);
			buildRules = (
			);
			dependencies = (
				FF5367032AEBBE31003BBA04 /* PBXTargetDependency */,
			);
			name = TinyRPG2Tests;
			productName = TinyRPG2Tests;
			productReference = FF5367012AEBBE31003BBA04 /* TinyRPG2Tests.xctest */;
			productType = "com.apple.product-type.bundle.unit-test";
		};
		FF53670A2AEBBE31003BBA04 /* TinyRPG2UITests */ = {
			isa = PBXNativeTarget;
			buildConfigurationList = FF53671B2AEBBE31003BBA04 /* Build configuration list for PBXNativeTarget "TinyRPG2UITests" */;
			buildPhases = (
				FF5367072AEBBE31003BBA04 /* Sources */,
				FF5367082AEBBE31003BBA04 /* Frameworks */,
				FF5367092AEBBE31003BBA04 /* Resources */,
			);
			buildRules = (
			);
			dependencies = (
				FF53670D2AEBBE31003BBA04 /* PBXTargetDependency */,
			);
			name = TinyRPG2UITests;
			productName = TinyRPG2UITests;
			productReference = FF53670B2AEBBE31003BBA04 /* TinyRPG2UITests.xctest */;
			productType = "com.apple.product-type.bundle.ui-testing";
		};
/* End PBXNativeTarget section */

/* Begin PBXProject section */
		FF5366E92AEBBE2E003BBA04 /* Project object */ = {
			isa = PBXProject;
			attributes = {
				BuildIndependentTargetsInParallel = 1;
				LastSwiftUpdateCheck = 1500;
				LastUpgradeCheck = 1500;
				TargetAttributes = {
					FF5366F02AEBBE2E003BBA04 = {
						CreatedOnToolsVersion = 15.0;
					};
					FF5367002AEBBE31003BBA04 = {
						CreatedOnToolsVersion = 15.0;
						TestTargetID = FF5366F02AEBBE2E003BBA04;
					};
					FF53670A2AEBBE31003BBA04 = {
						CreatedOnToolsVersion = 15.0;
						TestTargetID = FF5366F02AEBBE2E003BBA04;
					};
				};
			};
			buildConfigurationList = FF5366EC2AEBBE2E003BBA04 /* Build configuration list for PBXProject "TinyRPG2" */;
			compatibilityVersion = "Xcode 14.0";
			developmentRegion = en;
			hasScannedForEncodings = 0;
			knownRegions = (
				en,
				Base,
			);
			mainGroup = FF5366E82AEBBE2E003BBA04;
			productRefGroup = FF5366F22AEBBE2E003BBA04 /* Products */;
			projectDirPath = "";
			projectRoot = "";
			targets = (
				FF5366F02AEBBE2E003BBA04 /* TinyRPG2 */,
				FF5367002AEBBE31003BBA04 /* TinyRPG2Tests */,
				FF53670A2AEBBE31003BBA04 /* TinyRPG2UITests */,
			);
		};
/* End PBXProject section */

/* Begin PBXResourcesBuildPhase section */
		FF5366EF2AEBBE2E003BBA04 /* Resources */ = {
			isa = PBXResourcesBuildPhase;
			buildActionMask = 2147483647;
			files = (
				FF5366FC2AEBBE31003BBA04 /* Preview Assets.xcassets in Resources */,
				FF5366F92AEBBE31003BBA04 /* Assets.xcassets in Resources */,
				FF5367262AEBC40F003BBA04 /* Info.plist in Resources */,
			);
			runOnlyForDeploymentPostprocessing = 0;
		};
		FF5366FF2AEBBE31003BBA04 /* Resources */ = {
			isa = PBXResourcesBuildPhase;
			buildActionMask = 2147483647;
			files = (
			);
			runOnlyForDeploymentPostprocessing = 0;
		};
		FF5367092AEBBE31003BBA04 /* Resources */ = {
			isa = PBXResourcesBuildPhase;
			buildActionMask = 2147483647;
			files = (
			);
			runOnlyForDeploymentPostprocessing = 0;
		};
/* End PBXResourcesBuildPhase section */

/* Begin PBXSourcesBuildPhase section */
		FF5366ED2AEBBE2E003BBA04 /* Sources */ = {
			isa = PBXSourcesBuildPhase;
			buildActionMask = 2147483647;
			files = (
				FF53672C2AEBC5AD003BBA04 /* TinyCharacterClasses.swift in Sources */,
				FF5366F72AEBBE2E003BBA04 /* ContentView.swift in Sources */,
				FF5366F52AEBBE2E003BBA04 /* TinyRPG2App.swift in Sources */,
				FF53671F2AEBBEE5003BBA04 /* TinyErrors.swift in Sources */,
				FF53672E2AEBC7C5003BBA04 /* TinyRPGEngine.swift in Sources */,
			);
			runOnlyForDeploymentPostprocessing = 0;
		};
		FF5366FD2AEBBE31003BBA04 /* Sources */ = {
			isa = PBXSourcesBuildPhase;
			buildActionMask = 2147483647;
			files = (
				FF5367062AEBBE31003BBA04 /* TinyRPG2Tests.swift in Sources */,
			);
			runOnlyForDeploymentPostprocessing = 0;
		};
		FF5367072AEBBE31003BBA04 /* Sources */ = {
			isa = PBXSourcesBuildPhase;
			buildActionMask = 2147483647;
			files = (
				FF5367122AEBBE31003BBA04 /* TinyRPG2UITestsLaunchTests.swift in Sources */,
				FF5367102AEBBE31003BBA04 /* TinyRPG2UITests.swift in Sources */,
			);
			runOnlyForDeploymentPostprocessing = 0;
		};
/* End PBXSourcesBuildPhase section */

/* Begin PBXTargetDependency section */
		FF5367032AEBBE31003BBA04 /* PBXTargetDependency */ = {
			isa = PBXTargetDependency;
			target = FF5366F02AEBBE2E003BBA04 /* TinyRPG2 */;
			targetProxy = FF5367022AEBBE31003BBA04 /* PBXContainerItemProxy */;
		};
		FF53670D2AEBBE31003BBA04 /* PBXTargetDependency */ = {
			isa = PBXTargetDependency;
			target = FF5366F02AEBBE2E003BBA04 /* TinyRPG2 */;
			targetProxy = FF53670C2AEBBE31003BBA04 /* PBXContainerItemProxy */;
		};
/* End PBXTargetDependency section */

/* Begin XCBuildConfiguration section */
		FF5367132AEBBE31003BBA04 /* Debug */ = {
			isa = XCBuildConfiguration;
			buildSettings = {
				ALWAYS_SEARCH_USER_PATHS = NO;
				ASSETCATALOG_COMPILER_GENERATE_SWIFT_ASSET_SYMBOL_EXTENSIONS = YES;
				CLANG_ANALYZER_NONNULL = YES;
				CLANG_ANALYZER_NUMBER_OBJECT_CONVERSION = YES_AGGRESSIVE;
				CLANG_CXX_LANGUAGE_STANDARD = "gnu++20";
				CLANG_ENABLE_MODULES = YES;
				CLANG_ENABLE_OBJC_ARC = YES;
				CLANG_ENABLE_OBJC_WEAK = YES;
				CLANG_WARN_BLOCK_CAPTURE_AUTORELEASING = YES;
				CLANG_WARN_BOOL_CONVERSION = YES;
				CLANG_WARN_COMMA = YES;
				CLANG_WARN_CONSTANT_CONVERSION = YES;
				CLANG_WARN_DEPRECATED_OBJC_IMPLEMENTATIONS = YES;
				CLANG_WARN_DIRECT_OBJC_ISA_USAGE = YES_ERROR;
				CLANG_WARN_DOCUMENTATION_COMMENTS = YES;
				CLANG_WARN_EMPTY_BODY = YES;
				CLANG_WARN_ENUM_CONVERSION = YES;
				CLANG_WARN_INFINITE_RECURSION = YES;
				CLANG_WARN_INT_CONVERSION = YES;
				CLANG_WARN_NON_LITERAL_NULL_CONVERSION = YES;
				CLANG_WARN_OBJC_IMPLICIT_RETAIN_SELF = YES;
				CLANG_WARN_OBJC_LITERAL_CONVERSION = YES;
				CLANG_WARN_OBJC_ROOT_CLASS = YES_ERROR;
				CLANG_WARN_QUOTED_INCLUDE_IN_FRAMEWORK_HEADER = YES;
				CLANG_WARN_RANGE_LOOP_ANALYSIS = YES;
				CLANG_WARN_STRICT_PROTOTYPES = YES;
				CLANG_WARN_SUSPICIOUS_MOVE = YES;
				CLANG_WARN_UNGUARDED_AVAILABILITY = YES_AGGRESSIVE;
				CLANG_WARN_UNREACHABLE_CODE = YES;
				CLANG_WARN__DUPLICATE_METHOD_MATCH = YES;
				COPY_PHASE_STRIP = NO;
				DEBUG_INFORMATION_FORMAT = dwarf;
				ENABLE_STRICT_OBJC_MSGSEND = YES;
				ENABLE_TESTABILITY = YES;
				ENABLE_USER_SCRIPT_SANDBOXING = YES;
				GCC_C_LANGUAGE_STANDARD = gnu17;
				GCC_DYNAMIC_NO_PIC = NO;
				GCC_NO_COMMON_BLOCKS = YES;
				GCC_OPTIMIZATION_LEVEL = 0;
				GCC_PREPROCESSOR_DEFINITIONS = (
					"DEBUG=1",
					"$(inherited)",
				);
				GCC_WARN_64_TO_32_BIT_CONVERSION = YES;
				GCC_WARN_ABOUT_RETURN_TYPE = YES_ERROR;
				GCC_WARN_UNDECLARED_SELECTOR = YES;
				GCC_WARN_UNINITIALIZED_AUTOS = YES_AGGRESSIVE;
				GCC_WARN_UNUSED_FUNCTION = YES;
				GCC_WARN_UNUSED_VARIABLE = YES;
				IPHONEOS_DEPLOYMENT_TARGET = 17.0;
				LOCALIZATION_PREFERS_STRING_CATALOGS = YES;
				MTL_ENABLE_DEBUG_INFO = INCLUDE_SOURCE;
				MTL_FAST_MATH = YES;
				ONLY_ACTIVE_ARCH = YES;
				SDKROOT = iphoneos;
				SWIFT_ACTIVE_COMPILATION_CONDITIONS = "DEBUG $(inherited)";
				SWIFT_OPTIMIZATION_LEVEL = "-Onone";
			};
			name = Debug;
		};
		FF5367142AEBBE31003BBA04 /* Release */ = {
			isa = XCBuildConfiguration;
			buildSettings = {
				ALWAYS_SEARCH_USER_PATHS = NO;
				ASSETCATALOG_COMPILER_GENERATE_SWIFT_ASSET_SYMBOL_EXTENSIONS = YES;
				CLANG_ANALYZER_NONNULL = YES;
				CLANG_ANALYZER_NUMBER_OBJECT_CONVERSION = YES_AGGRESSIVE;
				CLANG_CXX_LANGUAGE_STANDARD = "gnu++20";
				CLANG_ENABLE_MODULES = YES;
				CLANG_ENABLE_OBJC_ARC = YES;
				CLANG_ENABLE_OBJC_WEAK = YES;
				CLANG_WARN_BLOCK_CAPTURE_AUTORELEASING = YES;
				CLANG_WARN_BOOL_CONVERSION = YES;
				CLANG_WARN_COMMA = YES;
				CLANG_WARN_CONSTANT_CONVERSION = YES;
				CLANG_WARN_DEPRECATED_OBJC_IMPLEMENTATIONS = YES;
				CLANG_WARN_DIRECT_OBJC_ISA_USAGE = YES_ERROR;
				CLANG_WARN_DOCUMENTATION_COMMENTS = YES;
				CLANG_WARN_EMPTY_BODY = YES;
				CLANG_WARN_ENUM_CONVERSION = YES;
				CLANG_WARN_INFINITE_RECURSION = YES;
				CLANG_WARN_INT_CONVERSION = YES;
				CLANG_WARN_NON_LITERAL_NULL_CONVERSION = YES;
				CLANG_WARN_OBJC_IMPLICIT_RETAIN_SELF = YES;
				CLANG_WARN_OBJC_LITERAL_CONVERSION = YES;
				CLANG_WARN_OBJC_ROOT_CLASS = YES_ERROR;
				CLANG_WARN_QUOTED_INCLUDE_IN_FRAMEWORK_HEADER = YES;
				CLANG_WARN_RANGE_LOOP_ANALYSIS = YES;
				CLANG_WARN_STRICT_PROTOTYPES = YES;
				CLANG_WARN_SUSPICIOUS_MOVE = YES;
				CLANG_WARN_UNGUARDED_AVAILABILITY = YES_AGGRESSIVE;
				CLANG_WARN_UNREACHABLE_CODE = YES;
				CLANG_WARN__DUPLICATE_METHOD_MATCH = YES;
				COPY_PHASE_STRIP = NO;
				DEBUG_INFORMATION_FORMAT = "dwarf-with-dsym";
				ENABLE_NS_ASSERTIONS = NO;
				ENABLE_STRICT_OBJC_MSGSEND = YES;
				ENABLE_USER_SCRIPT_SANDBOXING = YES;
				GCC_C_LANGUAGE_STANDARD = gnu17;
				GCC_NO_COMMON_BLOCKS = YES;
				GCC_WARN_64_TO_32_BIT_CONVERSION = YES;
				GCC_WARN_ABOUT_RETURN_TYPE = YES_ERROR;
				GCC_WARN_UNDECLARED_SELECTOR = YES;
				GCC_WARN_UNINITIALIZED_AUTOS = YES_AGGRESSIVE;
				GCC_WARN_UNUSED_FUNCTION = YES;
				GCC_WARN_UNUSED_VARIABLE = YES;
				IPHONEOS_DEPLOYMENT_TARGET = 17.0;
				LOCALIZATION_PREFERS_STRING_CATALOGS = YES;
				MTL_ENABLE_DEBUG_INFO = NO;
				MTL_FAST_MATH = YES;
				SDKROOT = iphoneos;
				SWIFT_COMPILATION_MODE = wholemodule;
				VALIDATE_PRODUCT = YES;
			};
			name = Release;
		};
		FF5367162AEBBE31003BBA04 /* Debug */ = {
			isa = XCBuildConfiguration;
			buildSettings = {
				ASSETCATALOG_COMPILER_APPICON_NAME = AppIcon;
				ASSETCATALOG_COMPILER_GLOBAL_ACCENT_COLOR_NAME = AccentColor;
				CODE_SIGN_STYLE = Automatic;
				CURRENT_PROJECT_VERSION = 1;
				DEVELOPMENT_ASSET_PATHS = "\"TinyRPG2/Preview Content\"";
				ENABLE_PREVIEWS = YES;
				GENERATE_INFOPLIST_FILE = YES;
				INFOPLIST_FILE = TinyRPG2/Info.plist;
				INFOPLIST_KEY_UIApplicationSceneManifest_Generation = YES;
				INFOPLIST_KEY_UIApplicationSupportsIndirectInputEvents = YES;
				INFOPLIST_KEY_UILaunchScreen_Generation = YES;
				INFOPLIST_KEY_UISupportedInterfaceOrientations_iPad = "UIInterfaceOrientationPortrait UIInterfaceOrientationPortraitUpsideDown UIInterfaceOrientationLandscapeLeft UIInterfaceOrientationLandscapeRight";
				INFOPLIST_KEY_UISupportedInterfaceOrientations_iPhone = "UIInterfaceOrientationPortrait UIInterfaceOrientationLandscapeLeft UIInterfaceOrientationLandscapeRight";
				LD_RUNPATH_SEARCH_PATHS = (
					"$(inherited)",
					"@executable_path/Frameworks",
				);
				MARKETING_VERSION = 1.0;
				PRODUCT_BUNDLE_IDENTIFIER = com.tinyrpg.app.TinyRPG2;
				PRODUCT_NAME = "$(TARGET_NAME)";
				SWIFT_EMIT_LOC_STRINGS = YES;
				SWIFT_VERSION = 5.0;
				TARGETED_DEVICE_FAMILY = "1,2";
			};
			name = Debug;
		};
		FF5367172AEBBE31003BBA04 /* Release */ = {
			isa = XCBuildConfiguration;
			buildSettings = {
				ASSETCATALOG_COMPILER_APPICON_NAME = AppIcon;
				ASSETCATALOG_COMPILER_GLOBAL_ACCENT_COLOR_NAME = AccentColor;
				CODE_SIGN_STYLE = Automatic;
				CURRENT_PROJECT_VERSION = 1;
				DEVELOPMENT_ASSET_PATHS = "\"TinyRPG2/Preview Content\"";
				ENABLE_PREVIEWS = YES;
				GENERATE_INFOPLIST_FILE = YES;
				INFOPLIST_FILE = TinyRPG2/Info.plist;
				INFOPLIST_KEY_UIApplicationSceneManifest_Generation = YES;
				INFOPLIST_KEY_UIApplicationSupportsIndirectInputEvents = YES;
				INFOPLIST_KEY_UILaunchScreen_Generation = YES;
				INFOPLIST_KEY_UISupportedInterfaceOrientations_iPad = "UIInterfaceOrientationPortrait UIInterfaceOrientationPortraitUpsideDown UIInterfaceOrientationLandscapeLeft UIInterfaceOrientationLandscapeRight";
				INFOPLIST_KEY_UISupportedInterfaceOrientations_iPhone = "UIInterfaceOrientationPortrait UIInterfaceOrientationLandscapeLeft UIInterfaceOrientationLandscapeRight";
				LD_RUNPATH_SEARCH_PATHS = (
					"$(inherited)",
					"@executable_path/Frameworks",
				);
				MARKETING_VERSION = 1.0;
				PRODUCT_BUNDLE_IDENTIFIER = com.tinyrpg.app.TinyRPG2;
				PRODUCT_NAME = "$(TARGET_NAME)";
				SWIFT_EMIT_LOC_STRINGS = YES;
				SWIFT_VERSION = 5.0;
				TARGETED_DEVICE_FAMILY = "1,2";
			};
			name = Release;
		};
		FF5367192AEBBE31003BBA04 /* Debug */ = {
			isa = XCBuildConfiguration;
			buildSettings = {
				ALWAYS_EMBED_SWIFT_STANDARD_LIBRARIES = YES;
				BUNDLE_LOADER = "$(TEST_HOST)";
				CODE_SIGN_STYLE = Automatic;
				CURRENT_PROJECT_VERSION = 1;
				GENERATE_INFOPLIST_FILE = YES;
				IPHONEOS_DEPLOYMENT_TARGET = 17.0;
				MARKETING_VERSION = 1.0;
				PRODUCT_BUNDLE_IDENTIFIER = com.tinyrpg.app.TinyRPG2Tests;
				PRODUCT_NAME = "$(TARGET_NAME)";
				SWIFT_EMIT_LOC_STRINGS = NO;
				SWIFT_VERSION = 5.0;
				TARGETED_DEVICE_FAMILY = "1,2";
				TEST_HOST = "$(BUILT_PRODUCTS_DIR)/TinyRPG2.app/$(BUNDLE_EXECUTABLE_FOLDER_PATH)/TinyRPG2";
			};
			name = Debug;
		};
		FF53671A2AEBBE31003BBA04 /* Release */ = {
			isa = XCBuildConfiguration;
			buildSettings = {
				ALWAYS_EMBED_SWIFT_STANDARD_LIBRARIES = YES;
				BUNDLE_LOADER = "$(TEST_HOST)";
				CODE_SIGN_STYLE = Automatic;
				CURRENT_PROJECT_VERSION = 1;
				GENERATE_INFOPLIST_FILE = YES;
				IPHONEOS_DEPLOYMENT_TARGET = 17.0;
				MARKETING_VERSION = 1.0;
				PRODUCT_BUNDLE_IDENTIFIER = com.tinyrpg.app.TinyRPG2Tests;
				PRODUCT_NAME = "$(TARGET_NAME)";
				SWIFT_EMIT_LOC_STRINGS = NO;
				SWIFT_VERSION = 5.0;
				TARGETED_DEVICE_FAMILY = "1,2";
				TEST_HOST = "$(BUILT_PRODUCTS_DIR)/TinyRPG2.app/$(BUNDLE_EXECUTABLE_FOLDER_PATH)/TinyRPG2";
			};
			name = Release;
		};
		FF53671C2AEBBE31003BBA04 /* Debug */ = {
			isa = XCBuildConfiguration;
			buildSettings = {
				ALWAYS_EMBED_SWIFT_STANDARD_LIBRARIES = YES;
				CODE_SIGN_STYLE = Automatic;
				CURRENT_PROJECT_VERSION = 1;
				GENERATE_INFOPLIST_FILE = YES;
				MARKETING_VERSION = 1.0;
				PRODUCT_BUNDLE_IDENTIFIER = com.tinyrpg.app.TinyRPG2UITests;
				PRODUCT_NAME = "$(TARGET_NAME)";
				SWIFT_EMIT_LOC_STRINGS = NO;
				SWIFT_VERSION = 5.0;
				TARGETED_DEVICE_FAMILY = "1,2";
				TEST_TARGET_NAME = TinyRPG2;
			};
			name = Debug;
		};
		FF53671D2AEBBE31003BBA04 /* Release */ = {
			isa = XCBuildConfiguration;
			buildSettings = {
				ALWAYS_EMBED_SWIFT_STANDARD_LIBRARIES = YES;
				CODE_SIGN_STYLE = Automatic;
				CURRENT_PROJECT_VERSION = 1;
				GENERATE_INFOPLIST_FILE = YES;
				MARKETING_VERSION = 1.0;
				PRODUCT_BUNDLE_IDENTIFIER = com.tinyrpg.app.TinyRPG2UITests;
				PRODUCT_NAME = "$(TARGET_NAME)";
				SWIFT_EMIT_LOC_STRINGS = NO;
				SWIFT_VERSION = 5.0;
				TARGETED_DEVICE_FAMILY = "1,2";
				TEST_TARGET_NAME = TinyRPG2;
			};
			name = Release;
		};
/* End XCBuildConfiguration section */

/* Begin XCConfigurationList section */
		FF5366EC2AEBBE2E003BBA04 /* Build configuration list for PBXProject "TinyRPG2" */ = {
			isa = XCConfigurationList;
			buildConfigurations = (
				FF5367132AEBBE31003BBA04 /* Debug */,
				FF5367142AEBBE31003BBA04 /* Release */,
			);
			defaultConfigurationIsVisible = 0;
			defaultConfigurationName = Release;
		};
		FF5367152AEBBE31003BBA04 /* Build configuration list for PBXNativeTarget "TinyRPG2" */ = {
			isa = XCConfigurationList;
			buildConfigurations = (
				FF5367162AEBBE31003BBA04 /* Debug */,
				FF5367172AEBBE31003BBA04 /* Release */,
			);
			defaultConfigurationIsVisible = 0;
			defaultConfigurationName = Release;
		};
		FF5367182AEBBE31003BBA04 /* Build configuration list for PBXNativeTarget "TinyRPG2Tests" */ = {
			isa = XCConfigurationList;
			buildConfigurations = (
				FF5367192AEBBE31003BBA04 /* Debug */,
				FF53671A2AEBBE31003BBA04 /* Release */,
			);
			defaultConfigurationIsVisible = 0;
			defaultConfigurationName = Release;
		};
		FF53671B2AEBBE31003BBA04 /* Build configuration list for PBXNativeTarget "TinyRPG2UITests" */ = {
			isa = XCConfigurationList;
			buildConfigurations = (
				FF53671C2AEBBE31003BBA04 /* Debug */,
				FF53671D2AEBBE31003BBA04 /* Release */,
			);
			defaultConfigurationIsVisible = 0;
			defaultConfigurationName = Release;
		};
/* End XCConfigurationList section */
	};
	rootObject = FF5366E92AEBBE2E003BBA04 /* Project object */;
}
